// !$*UTF8*$!
{
	archiveVersion = 1;
	classes = {
	};
	objectVersion = 55;
	objects = {

/* Begin PBXAggregateTarget section */
		16D0E97145D9F260D1ED04F4 /* Kotlin */ = {
			isa = PBXAggregateTarget;
			buildConfigurationList = 22159DFFB31F5C08225AACB2 /* Build configuration list for PBXAggregateTarget "Kotlin" */;
			buildPhases = (
				025ED7AFA93F4C2C649F44D7 /* Compile Kotlin */,
			);
			dependencies = (
			);
			name = Kotlin;
			productName = Kotlin;
		};
		74CDBFA9A4074E5AE05AF341 /* Gryphon */ = {
			isa = PBXAggregateTarget;
			buildConfigurationList = F5CBE82E7C308F1DCE52E9B6 /* Build configuration list for PBXAggregateTarget "Gryphon" */;
			buildPhases = (
				38D67A6BA9DA742ECE94B349 /* Call Gryphon */,
			);
			dependencies = (
			);
			name = Gryphon;
			productName = Gryphon;
		};
/* End PBXAggregateTarget section */

/* Begin PBXBuildFile section */
		4D1BC7402799A746000B463C /* LinkSignInSheetView.swift in Sources */ = {isa = PBXBuildFile; fileRef = 4D1BC73F2799A746000B463C /* LinkSignInSheetView.swift */; };
		4D1BC7442799AB29000B463C /* AlertModel.swift in Sources */ = {isa = PBXBuildFile; fileRef = 4D1BC7432799AB29000B463C /* AlertModel.swift */; };
		4D1BC747279C1FED000B463C /* PrincipalTabView.swift in Sources */ = {isa = PBXBuildFile; fileRef = 4D1BC746279C1FED000B463C /* PrincipalTabView.swift */; };
		4D1BC749279C5C43000B463C /* LogoAppBackEndView.swift in Sources */ = {isa = PBXBuildFile; fileRef = 4D1BC748279C5C43000B463C /* LogoAppBackEndView.swift */; };
		4D28C85E27C53F12009ECC4C /* SelectionPropertyIngrediente_NewDishSubView.swift in Sources */ = {isa = PBXBuildFile; fileRef = 4D28C85D27C53F11009ECC4C /* SelectionPropertyIngrediente_NewDishSubView.swift */; };
		4D403B9027981BC200EB4E1B /* DishRevueBackIOSApp.swift in Sources */ = {isa = PBXBuildFile; fileRef = 4D403B8F27981BC200EB4E1B /* DishRevueBackIOSApp.swift */; };
		4D403B9227981BC200EB4E1B /* ContentView.swift in Sources */ = {isa = PBXBuildFile; fileRef = 4D403B9127981BC200EB4E1B /* ContentView.swift */; };
		4D403B9427981BC400EB4E1B /* Assets.xcassets in Resources */ = {isa = PBXBuildFile; fileRef = 4D403B9327981BC400EB4E1B /* Assets.xcassets */; };
		4D403B9727981BC400EB4E1B /* Preview Assets.xcassets in Resources */ = {isa = PBXBuildFile; fileRef = 4D403B9627981BC400EB4E1B /* Preview Assets.xcassets */; };
		4D403B9E27981D3500EB4E1B /* GryphonSwiftLibrary.swift in Sources */ = {isa = PBXBuildFile; fileRef = 4D403B9D27981D3500EB4E1B /* GryphonSwiftLibrary.swift */; };
		4D403BA027981EA700EB4E1B /* KotlinJunction.swift in Sources */ = {isa = PBXBuildFile; fileRef = 4D403B9F27981EA700EB4E1B /* KotlinJunction.swift */; };
		4D403BA42798212600EB4E1B /* FirebaseAuth in Frameworks */ = {isa = PBXBuildFile; productRef = 4D403BA32798212600EB4E1B /* FirebaseAuth */; };
		4D403BA62798212600EB4E1B /* FirebaseDynamicLinks in Frameworks */ = {isa = PBXBuildFile; productRef = 4D403BA52798212600EB4E1B /* FirebaseDynamicLinks */; };
		4D403BA82798212600EB4E1B /* FirebaseFirestore in Frameworks */ = {isa = PBXBuildFile; productRef = 4D403BA72798212600EB4E1B /* FirebaseFirestore */; };
		4D403BAA279821D500EB4E1B /* GoogleService-Info.plist in Resources */ = {isa = PBXBuildFile; fileRef = 4D403BA9279821D500EB4E1B /* GoogleService-Info.plist */; };
		4D403BAD2798790800EB4E1B /* AuthPasswordLess.swift in Sources */ = {isa = PBXBuildFile; fileRef = 4D403BAC2798790800EB4E1B /* AuthPasswordLess.swift */; };
		4D92C41E27BE46E60084D214 /* StyledText.swift in Sources */ = {isa = PBXBuildFile; fileRef = 4D92C41D27BE46E60084D214 /* StyledText.swift */; };
		4DA4615B27AD14D200BD648D /* HomeView.swift in Sources */ = {isa = PBXBuildFile; fileRef = 4DA4615A27AD14D200BD648D /* HomeView.swift */; };
		4DA4615D27AD3FE900BD648D /* DishVM.swift in Sources */ = {isa = PBXBuildFile; fileRef = 4DA4615C27AD3FE900BD648D /* DishVM.swift */; };
		4DA4616027AD8A2000BD648D /* EditDishView.swift in Sources */ = {isa = PBXBuildFile; fileRef = 4DA4615F27AD8A2000BD648D /* EditDishView.swift */; };
		4DAD4F94279EA7A800C0EAE8 /* PropertyVM.swift in Sources */ = {isa = PBXBuildFile; fileRef = 4DAD4F93279EA7A800C0EAE8 /* PropertyVM.swift */; };
		4DAD4F96279EAC7E00C0EAE8 /* AddNewPropertySheetView.swift in Sources */ = {isa = PBXBuildFile; fileRef = 4DAD4F95279EAC7E00C0EAE8 /* AddNewPropertySheetView.swift */; };
		4DAD4FB8279EEE5400C0EAE8 /* MapView.swift in Sources */ = {isa = PBXBuildFile; fileRef = 4DAD4FB7279EEE5400C0EAE8 /* MapView.swift */; };
		4DAD4FBA279EF09900C0EAE8 /* StyledTextField.swift in Sources */ = {isa = PBXBuildFile; fileRef = 4DAD4FB9279EF09900C0EAE8 /* StyledTextField.swift */; };
		4DAD4FBD279EF44100C0EAE8 /* StyledButton.swift in Sources */ = {isa = PBXBuildFile; fileRef = 4DAD4FBC279EF44100C0EAE8 /* StyledButton.swift */; };
		4DC3EBC927ABD02C00FFC50E /* NewPropertySheetView.swift in Sources */ = {isa = PBXBuildFile; fileRef = 4DC3EBC827ABD02C00FFC50E /* NewPropertySheetView.swift */; };
		4DCCD6CF27BAB3DB00F387B2 /* InfoGenerali_NewDishSubView.swift in Sources */ = {isa = PBXBuildFile; fileRef = 4DCCD6CE27BAB3DB00F387B2 /* InfoGenerali_NewDishSubView.swift */; };
		4DCCD6D127BAB4A400F387B2 /* SelectionPropertyDish_NewDishSubView.swift in Sources */ = {isa = PBXBuildFile; fileRef = 4DCCD6D027BAB4A400F387B2 /* SelectionPropertyDish_NewDishSubView.swift */; };
		4DCCD6D327BAB54300F387B2 /* DishSpecific_NewDishSubView.swift in Sources */ = {isa = PBXBuildFile; fileRef = 4DCCD6D227BAB54300F387B2 /* DishSpecific_NewDishSubView.swift */; };
		4DCCD6D527BABA2300F387B2 /* CustomLabel.swift in Sources */ = {isa = PBXBuildFile; fileRef = 4DCCD6D427BABA2300F387B2 /* CustomLabel.swift */; };
		4DCCD6D927BAC01E00F387B2 /* GridInfoDishValue_NewDishSubView.swift in Sources */ = {isa = PBXBuildFile; fileRef = 4DCCD6D827BAC01E00F387B2 /* GridInfoDishValue_NewDishSubView.swift */; };
		4DCCD6DE27BAC17D00F387B2 /* EnumScrollCases.swift in Sources */ = {isa = PBXBuildFile; fileRef = 4DCCD6DD27BAC17D00F387B2 /* EnumScrollCases.swift */; };
		4DD29F0C27BD17570065AC2A /* InfoDishRow.swift in Sources */ = {isa = PBXBuildFile; fileRef = 4DD29F0B27BD17570065AC2A /* InfoDishRow.swift */; };
		4DD6308227C68B3000A16E17 /* ListaIngredientiView.swift in Sources */ = {isa = PBXBuildFile; fileRef = 4DD6308127C68B3000A16E17 /* ListaIngredientiView.swift */; };
		4DD6308527C68E7400A16E17 /* NuovoIngredienteView.swift in Sources */ = {isa = PBXBuildFile; fileRef = 4DD6308427C68E7400A16E17 /* NuovoIngredienteView.swift */; };
		4DD6308827C690D200A16E17 /* InfoIngrediente_NuovoIngredienteSubView.swift in Sources */ = {isa = PBXBuildFile; fileRef = 4DD6308727C690D200A16E17 /* InfoIngrediente_NuovoIngredienteSubView.swift */; };
		4DF0C4AB27A009A800315A73 /* HomeViewBASEVERSION.swift in Sources */ = {isa = PBXBuildFile; fileRef = 4DF0C4AA27A009A800315A73 /* HomeViewBASEVERSION.swift */; };
		4DF0C4AD27A009B800315A73 /* DishListView.swift in Sources */ = {isa = PBXBuildFile; fileRef = 4DF0C4AC27A009B800315A73 /* DishListView.swift */; };
		4DF0C4AF27A009C400315A73 /* NewDishView.swift in Sources */ = {isa = PBXBuildFile; fileRef = 4DF0C4AE27A009C400315A73 /* NewDishView.swift */; };
		4DF0C4B327A04D7000315A73 /* DishModel.swift in Sources */ = {isa = PBXBuildFile; fileRef = 4DF0C4B227A04D7000315A73 /* DishModel.swift */; };
		4DF0C4B527A05DEA00315A73 /* PropertyModel.swift in Sources */ = {isa = PBXBuildFile; fileRef = 4DF0C4B427A05DEA00315A73 /* PropertyModel.swift */; };
		4DF7D9D327A40AD9001DB949 /* CustomTabBarView.swift in Sources */ = {isa = PBXBuildFile; fileRef = 4DF7D9D227A40AD9001DB949 /* CustomTabBarView.swift */; };
		4DF7D9D527A4429F001DB949 /* VariousTabStyle.swift in Sources */ = {isa = PBXBuildFile; fileRef = 4DF7D9D427A4429F001DB949 /* VariousTabStyle.swift */; };
/* End PBXBuildFile section */

/* Begin PBXFileReference section */
		4D1BC73F2799A746000B463C /* LinkSignInSheetView.swift */ = {isa = PBXFileReference; lastKnownFileType = sourcecode.swift; path = LinkSignInSheetView.swift; sourceTree = "<group>"; };
		4D1BC7432799AB29000B463C /* AlertModel.swift */ = {isa = PBXFileReference; lastKnownFileType = sourcecode.swift; path = AlertModel.swift; sourceTree = "<group>"; };
		4D1BC746279C1FED000B463C /* PrincipalTabView.swift */ = {isa = PBXFileReference; lastKnownFileType = sourcecode.swift; path = PrincipalTabView.swift; sourceTree = "<group>"; };
		4D1BC748279C5C43000B463C /* LogoAppBackEndView.swift */ = {isa = PBXFileReference; lastKnownFileType = sourcecode.swift; path = LogoAppBackEndView.swift; sourceTree = "<group>"; };
		4D28C85D27C53F11009ECC4C /* SelectionPropertyIngrediente_NewDishSubView.swift */ = {isa = PBXFileReference; fileEncoding = 4; lastKnownFileType = sourcecode.swift; path = SelectionPropertyIngrediente_NewDishSubView.swift; sourceTree = "<group>"; };
		4D403B8C27981BC200EB4E1B /* DishRevueBackIOS.app */ = {isa = PBXFileReference; explicitFileType = wrapper.application; includeInIndex = 0; path = DishRevueBackIOS.app; sourceTree = BUILT_PRODUCTS_DIR; };
		4D403B8F27981BC200EB4E1B /* DishRevueBackIOSApp.swift */ = {isa = PBXFileReference; lastKnownFileType = sourcecode.swift; path = DishRevueBackIOSApp.swift; sourceTree = "<group>"; };
		4D403B9127981BC200EB4E1B /* ContentView.swift */ = {isa = PBXFileReference; lastKnownFileType = sourcecode.swift; path = ContentView.swift; sourceTree = "<group>"; };
		4D403B9327981BC400EB4E1B /* Assets.xcassets */ = {isa = PBXFileReference; lastKnownFileType = folder.assetcatalog; path = Assets.xcassets; sourceTree = "<group>"; };
		4D403B9627981BC400EB4E1B /* Preview Assets.xcassets */ = {isa = PBXFileReference; lastKnownFileType = folder.assetcatalog; path = "Preview Assets.xcassets"; sourceTree = "<group>"; };
		4D403B9D27981D3500EB4E1B /* GryphonSwiftLibrary.swift */ = {isa = PBXFileReference; fileEncoding = 4; lastKnownFileType = sourcecode.swift; path = GryphonSwiftLibrary.swift; sourceTree = "<group>"; };
		4D403B9F27981EA700EB4E1B /* KotlinJunction.swift */ = {isa = PBXFileReference; lastKnownFileType = sourcecode.swift; path = KotlinJunction.swift; sourceTree = "<group>"; };
		4D403BA9279821D500EB4E1B /* GoogleService-Info.plist */ = {isa = PBXFileReference; lastKnownFileType = text.plist; path = "GoogleService-Info.plist"; sourceTree = SOURCE_ROOT; };
		4D403BAB2798269200EB4E1B /* DishRevueBackIOS.entitlements */ = {isa = PBXFileReference; lastKnownFileType = text.plist.entitlements; path = DishRevueBackIOS.entitlements; sourceTree = "<group>"; };
		4D403BAC2798790800EB4E1B /* AuthPasswordLess.swift */ = {isa = PBXFileReference; lastKnownFileType = sourcecode.swift; path = AuthPasswordLess.swift; sourceTree = "<group>"; };
		4D92C41D27BE46E60084D214 /* StyledText.swift */ = {isa = PBXFileReference; lastKnownFileType = sourcecode.swift; path = StyledText.swift; sourceTree = "<group>"; };
		4DA4615A27AD14D200BD648D /* HomeView.swift */ = {isa = PBXFileReference; fileEncoding = 4; lastKnownFileType = sourcecode.swift; path = HomeView.swift; sourceTree = "<group>"; };
		4DA4615C27AD3FE900BD648D /* DishVM.swift */ = {isa = PBXFileReference; lastKnownFileType = sourcecode.swift; path = DishVM.swift; sourceTree = "<group>"; };
		4DA4615F27AD8A2000BD648D /* EditDishView.swift */ = {isa = PBXFileReference; lastKnownFileType = sourcecode.swift; path = EditDishView.swift; sourceTree = "<group>"; };
		4DAD4F93279EA7A800C0EAE8 /* PropertyVM.swift */ = {isa = PBXFileReference; lastKnownFileType = sourcecode.swift; path = PropertyVM.swift; sourceTree = "<group>"; };
		4DAD4F95279EAC7E00C0EAE8 /* AddNewPropertySheetView.swift */ = {isa = PBXFileReference; lastKnownFileType = sourcecode.swift; path = AddNewPropertySheetView.swift; sourceTree = "<group>"; };
		4DAD4FB7279EEE5400C0EAE8 /* MapView.swift */ = {isa = PBXFileReference; lastKnownFileType = sourcecode.swift; path = MapView.swift; sourceTree = "<group>"; };
		4DAD4FB9279EF09900C0EAE8 /* StyledTextField.swift */ = {isa = PBXFileReference; lastKnownFileType = sourcecode.swift; path = StyledTextField.swift; sourceTree = "<group>"; };
		4DAD4FBC279EF44100C0EAE8 /* StyledButton.swift */ = {isa = PBXFileReference; lastKnownFileType = sourcecode.swift; path = StyledButton.swift; sourceTree = "<group>"; };
		4DC3EBC827ABD02C00FFC50E /* NewPropertySheetView.swift */ = {isa = PBXFileReference; fileEncoding = 4; lastKnownFileType = sourcecode.swift; path = NewPropertySheetView.swift; sourceTree = "<group>"; };
		4DCCD6CE27BAB3DB00F387B2 /* InfoGenerali_NewDishSubView.swift */ = {isa = PBXFileReference; lastKnownFileType = sourcecode.swift; path = InfoGenerali_NewDishSubView.swift; sourceTree = "<group>"; };
		4DCCD6D027BAB4A400F387B2 /* SelectionPropertyDish_NewDishSubView.swift */ = {isa = PBXFileReference; lastKnownFileType = sourcecode.swift; path = SelectionPropertyDish_NewDishSubView.swift; sourceTree = "<group>"; };
		4DCCD6D227BAB54300F387B2 /* DishSpecific_NewDishSubView.swift */ = {isa = PBXFileReference; lastKnownFileType = sourcecode.swift; path = DishSpecific_NewDishSubView.swift; sourceTree = "<group>"; };
		4DCCD6D427BABA2300F387B2 /* CustomLabel.swift */ = {isa = PBXFileReference; lastKnownFileType = sourcecode.swift; path = CustomLabel.swift; sourceTree = "<group>"; };
		4DCCD6D827BAC01E00F387B2 /* GridInfoDishValue_NewDishSubView.swift */ = {isa = PBXFileReference; lastKnownFileType = sourcecode.swift; path = GridInfoDishValue_NewDishSubView.swift; sourceTree = "<group>"; };
		4DCCD6DD27BAC17D00F387B2 /* EnumScrollCases.swift */ = {isa = PBXFileReference; lastKnownFileType = sourcecode.swift; path = EnumScrollCases.swift; sourceTree = "<group>"; };
		4DD29F0B27BD17570065AC2A /* InfoDishRow.swift */ = {isa = PBXFileReference; lastKnownFileType = sourcecode.swift; path = InfoDishRow.swift; sourceTree = "<group>"; };
		4DD6308127C68B3000A16E17 /* ListaIngredientiView.swift */ = {isa = PBXFileReference; fileEncoding = 4; lastKnownFileType = sourcecode.swift; path = ListaIngredientiView.swift; sourceTree = "<group>"; };
		4DD6308427C68E7400A16E17 /* NuovoIngredienteView.swift */ = {isa = PBXFileReference; fileEncoding = 4; lastKnownFileType = sourcecode.swift; path = NuovoIngredienteView.swift; sourceTree = "<group>"; };
		4DD6308727C690D200A16E17 /* InfoIngrediente_NuovoIngredienteSubView.swift */ = {isa = PBXFileReference; fileEncoding = 4; lastKnownFileType = sourcecode.swift; path = InfoIngrediente_NuovoIngredienteSubView.swift; sourceTree = "<group>"; };
		4DF0C4AA27A009A800315A73 /* HomeViewBASEVERSION.swift */ = {isa = PBXFileReference; lastKnownFileType = sourcecode.swift; path = HomeViewBASEVERSION.swift; sourceTree = "<group>"; };
		4DF0C4AC27A009B800315A73 /* DishListView.swift */ = {isa = PBXFileReference; lastKnownFileType = sourcecode.swift; path = DishListView.swift; sourceTree = "<group>"; };
		4DF0C4AE27A009C400315A73 /* NewDishView.swift */ = {isa = PBXFileReference; lastKnownFileType = sourcecode.swift; path = NewDishView.swift; sourceTree = "<group>"; };
		4DF0C4B227A04D7000315A73 /* DishModel.swift */ = {isa = PBXFileReference; lastKnownFileType = sourcecode.swift; path = DishModel.swift; sourceTree = "<group>"; };
		4DF0C4B427A05DEA00315A73 /* PropertyModel.swift */ = {isa = PBXFileReference; lastKnownFileType = sourcecode.swift; path = PropertyModel.swift; sourceTree = "<group>"; };
		4DF7D9D227A40AD9001DB949 /* CustomTabBarView.swift */ = {isa = PBXFileReference; lastKnownFileType = sourcecode.swift; path = CustomTabBarView.swift; sourceTree = "<group>"; };
		4DF7D9D427A4429F001DB949 /* VariousTabStyle.swift */ = {isa = PBXFileReference; lastKnownFileType = sourcecode.swift; path = VariousTabStyle.swift; sourceTree = "<group>"; };
/* End PBXFileReference section */

/* Begin PBXFrameworksBuildPhase section */
		4D403B8927981BC200EB4E1B /* Frameworks */ = {
			isa = PBXFrameworksBuildPhase;
			buildActionMask = 2147483647;
			files = (
				4D403BA42798212600EB4E1B /* FirebaseAuth in Frameworks */,
				4D403BA62798212600EB4E1B /* FirebaseDynamicLinks in Frameworks */,
				4D403BA82798212600EB4E1B /* FirebaseFirestore in Frameworks */,
			);
			runOnlyForDeploymentPostprocessing = 0;
		};
/* End PBXFrameworksBuildPhase section */

/* Begin PBXGroup section */
		4D1BC745279C1FB6000B463C /* TemporaryVIEW */ = {
			isa = PBXGroup;
			children = (
				4DA4615F27AD8A2000BD648D /* EditDishView.swift */,
				4DF7D9D227A40AD9001DB949 /* CustomTabBarView.swift */,
				4D1BC748279C5C43000B463C /* LogoAppBackEndView.swift */,
				4DF7D9D427A4429F001DB949 /* VariousTabStyle.swift */,
			);
			path = TemporaryVIEW;
			sourceTree = "<group>";
		};
		4D403B8327981BC200EB4E1B = {
			isa = PBXGroup;
			children = (
				4D403B8E27981BC200EB4E1B /* DishRevueBackIOS */,
				4D403B8D27981BC200EB4E1B /* Products */,
			);
			sourceTree = "<group>";
		};
		4D403B8D27981BC200EB4E1B /* Products */ = {
			isa = PBXGroup;
			children = (
				4D403B8C27981BC200EB4E1B /* DishRevueBackIOS.app */,
			);
			name = Products;
			sourceTree = "<group>";
		};
		4D403B8E27981BC200EB4E1B /* DishRevueBackIOS */ = {
			isa = PBXGroup;
			children = (
				4D403B8F27981BC200EB4E1B /* DishRevueBackIOSApp.swift */,
				4D403B9127981BC200EB4E1B /* ContentView.swift */,
				4DF7D9D627A45097001DB949 /* Views */,
				4DF7D9D727A450A2001DB949 /* ViewModels */,
				4DF7D9D827A450B1001DB949 /* DataModels */,
				4DC3EBCA27ABEDD400FFC50E /* OBSOLETE */,
				4D403B9327981BC400EB4E1B /* Assets.xcassets */,
				4D403BA9279821D500EB4E1B /* GoogleService-Info.plist */,
				4D403BAB2798269200EB4E1B /* DishRevueBackIOS.entitlements */,
				4D403BA12798206400EB4E1B /* KotlinJunction */,
				4D403B9527981BC400EB4E1B /* Preview Content */,
			);
			path = DishRevueBackIOS;
			sourceTree = "<group>";
		};
		4D403B9527981BC400EB4E1B /* Preview Content */ = {
			isa = PBXGroup;
			children = (
				4D403B9627981BC400EB4E1B /* Preview Assets.xcassets */,
			);
			path = "Preview Content";
			sourceTree = "<group>";
		};
		4D403BA12798206400EB4E1B /* KotlinJunction */ = {
			isa = PBXGroup;
			children = (
				4D403B9F27981EA700EB4E1B /* KotlinJunction.swift */,
				4D403B9D27981D3500EB4E1B /* GryphonSwiftLibrary.swift */,
			);
			path = KotlinJunction;
			sourceTree = "<group>";
		};
		4DA4615E27AD89E400BD648D /* DishList */ = {
			isa = PBXGroup;
			children = (
				4DF0C4AC27A009B800315A73 /* DishListView.swift */,
				4DD29F0A27BD120C0065AC2A /* SubView */,
			);
			path = DishList;
			sourceTree = "<group>";
		};
		4DAD4FBB279EF0C900C0EAE8 /* SubView_trasversali */ = {
			isa = PBXGroup;
			children = (
				4DAD4FB7279EEE5400C0EAE8 /* MapView.swift */,
				4DCCD6DD27BAC17D00F387B2 /* EnumScrollCases.swift */,
				4DAD4FB9279EF09900C0EAE8 /* StyledTextField.swift */,
				4DAD4FBC279EF44100C0EAE8 /* StyledButton.swift */,
				4DCCD6D427BABA2300F387B2 /* CustomLabel.swift */,
				4D92C41D27BE46E60084D214 /* StyledText.swift */,
			);
			path = SubView_trasversali;
			sourceTree = "<group>";
		};
		4DC3EBCA27ABEDD400FFC50E /* OBSOLETE */ = {
			isa = PBXGroup;
			children = (
				4D1BC745279C1FB6000B463C /* TemporaryVIEW */,
				4DF0C4AA27A009A800315A73 /* HomeViewBASEVERSION.swift */,
				4DAD4F95279EAC7E00C0EAE8 /* AddNewPropertySheetView.swift */,
			);
			path = OBSOLETE;
			sourceTree = "<group>";
		};
		4DCCD6CD27BAB2D700F387B2 /* NewDish */ = {
			isa = PBXGroup;
			children = (
				4DF0C4AE27A009C400315A73 /* NewDishView.swift */,
				4DCCD6D627BABAF800F387B2 /* NewDishSubView */,
			);
			path = NewDish;
			sourceTree = "<group>";
		};
		4DCCD6D627BABAF800F387B2 /* NewDishSubView */ = {
			isa = PBXGroup;
			children = (
				4DCCD6CE27BAB3DB00F387B2 /* InfoGenerali_NewDishSubView.swift */,
				4DCCD6D727BABF3500F387B2 /* InfoSubView */,
				4DCCD6D027BAB4A400F387B2 /* SelectionPropertyDish_NewDishSubView.swift */,
				4DCCD6D227BAB54300F387B2 /* DishSpecific_NewDishSubView.swift */,
			);
			path = NewDishSubView;
			sourceTree = "<group>";
		};
		4DCCD6D727BABF3500F387B2 /* InfoSubView */ = {
			isa = PBXGroup;
			children = (
				4DCCD6D827BAC01E00F387B2 /* GridInfoDishValue_NewDishSubView.swift */,
			);
			path = InfoSubView;
			sourceTree = "<group>";
		};
		4DD29F0927BD11FC0065AC2A /* HomeView */ = {
			isa = PBXGroup;
			children = (
				4DA4615A27AD14D200BD648D /* HomeView.swift */,
			);
			path = HomeView;
			sourceTree = "<group>";
		};
		4DD29F0A27BD120C0065AC2A /* SubView */ = {
			isa = PBXGroup;
			children = (
				4DD29F0B27BD17570065AC2A /* InfoDishRow.swift */,
			);
			path = SubView;
			sourceTree = "<group>";
		};
		4DD6308327C68B4100A16E17 /* ListaIngredienti */ = {
			isa = PBXGroup;
			children = (
				4DD6308127C68B3000A16E17 /* ListaIngredientiView.swift */,
			);
			path = ListaIngredienti;
			sourceTree = "<group>";
		};
		4DD6308627C68E8700A16E17 /* NuovoIngrediente */ = {
			isa = PBXGroup;
			children = (
				4DD6308427C68E7400A16E17 /* NuovoIngredienteView.swift */,
				4DD6308927C6910C00A16E17 /* NuovoIngredienteSubView */,
			);
			path = NuovoIngrediente;
			sourceTree = "<group>";
		};
		4DD6308927C6910C00A16E17 /* NuovoIngredienteSubView */ = {
			isa = PBXGroup;
			children = (
				4D28C85D27C53F11009ECC4C /* SelectionPropertyIngrediente_NewDishSubView.swift */,
				4DD6308727C690D200A16E17 /* InfoIngrediente_NuovoIngredienteSubView.swift */,
			);
			path = NuovoIngredienteSubView;
			sourceTree = "<group>";
		};
		4DF0C4B027A009CB00315A73 /* TabView */ = {
			isa = PBXGroup;
			children = (
				4DD29F0927BD11FC0065AC2A /* HomeView */,
				4DA4615E27AD89E400BD648D /* DishList */,
				4DD6308327C68B4100A16E17 /* ListaIngredienti */,
			);
			path = TabView;
			sourceTree = "<group>";
		};
		4DF0C4B127A046DB00315A73 /* SheetView */ = {
			isa = PBXGroup;
			children = (
				4DC3EBC827ABD02C00FFC50E /* NewPropertySheetView.swift */,
				4D1BC73F2799A746000B463C /* LinkSignInSheetView.swift */,
			);
			path = SheetView;
			sourceTree = "<group>";
		};
		4DF7D9D627A45097001DB949 /* Views */ = {
			isa = PBXGroup;
			children = (
				4D1BC746279C1FED000B463C /* PrincipalTabView.swift */,
				4DF0C4B027A009CB00315A73 /* TabView */,
				4DD6308627C68E8700A16E17 /* NuovoIngrediente */,
				4DCCD6CD27BAB2D700F387B2 /* NewDish */,
				4DF0C4B127A046DB00315A73 /* SheetView */,
				4DAD4FBB279EF0C900C0EAE8 /* SubView_trasversali */,
			);
			path = Views;
			sourceTree = "<group>";
		};
		4DF7D9D727A450A2001DB949 /* ViewModels */ = {
			isa = PBXGroup;
			children = (
				4D403BAC2798790800EB4E1B /* AuthPasswordLess.swift */,
				4DAD4F93279EA7A800C0EAE8 /* PropertyVM.swift */,
				4DA4615C27AD3FE900BD648D /* DishVM.swift */,
			);
			path = ViewModels;
			sourceTree = "<group>";
		};
		4DF7D9D827A450B1001DB949 /* DataModels */ = {
			isa = PBXGroup;
			children = (
				4D1BC7432799AB29000B463C /* AlertModel.swift */,
				4DF0C4B227A04D7000315A73 /* DishModel.swift */,
				4DF0C4B427A05DEA00315A73 /* PropertyModel.swift */,
			);
			path = DataModels;
			sourceTree = "<group>";
		};
/* End PBXGroup section */

/* Begin PBXNativeTarget section */
		4D403B8B27981BC200EB4E1B /* DishRevueBackIOS */ = {
			isa = PBXNativeTarget;
			buildConfigurationList = 4D403B9A27981BC400EB4E1B /* Build configuration list for PBXNativeTarget "DishRevueBackIOS" */;
			buildPhases = (
				4D403B8827981BC200EB4E1B /* Sources */,
				4D403B8927981BC200EB4E1B /* Frameworks */,
				4D403B8A27981BC200EB4E1B /* Resources */,
			);
			buildRules = (
			);
			dependencies = (
			);
			name = DishRevueBackIOS;
			packageProductDependencies = (
				4D403BA32798212600EB4E1B /* FirebaseAuth */,
				4D403BA52798212600EB4E1B /* FirebaseDynamicLinks */,
				4D403BA72798212600EB4E1B /* FirebaseFirestore */,
			);
			productName = DishRevueBackIOS;
			productReference = 4D403B8C27981BC200EB4E1B /* DishRevueBackIOS.app */;
			productType = "com.apple.product-type.application";
		};
/* End PBXNativeTarget section */

/* Begin PBXProject section */
		4D403B8427981BC200EB4E1B /* Project object */ = {
			isa = PBXProject;
			attributes = {
				BuildIndependentTargetsInParallel = 1;
				LastSwiftUpdateCheck = 1320;
				LastUpgradeCheck = 1320;
				TargetAttributes = {
					4D403B8B27981BC200EB4E1B = {
						CreatedOnToolsVersion = 13.2.1;
					};
				};
			};
			buildConfigurationList = 4D403B8727981BC200EB4E1B /* Build configuration list for PBXProject "DishRevueBackIOS" */;
			compatibilityVersion = "Xcode 13.0";
			developmentRegion = en;
			hasScannedForEncodings = 0;
			knownRegions = (
				en,
				Base,
			);
			mainGroup = 4D403B8327981BC200EB4E1B;
			packageReferences = (
				4D403BA22798212600EB4E1B /* XCRemoteSwiftPackageReference "firebase-ios-sdk" */,
			);
			productRefGroup = 4D403B8D27981BC200EB4E1B /* Products */;
			projectDirPath = "";
			projectRoot = "";
			targets = (
				4D403B8B27981BC200EB4E1B /* DishRevueBackIOS */,
				74CDBFA9A4074E5AE05AF341 /* Gryphon */,
				16D0E97145D9F260D1ED04F4 /* Kotlin */,
			);
		};
/* End PBXProject section */

/* Begin PBXResourcesBuildPhase section */
		4D403B8A27981BC200EB4E1B /* Resources */ = {
			isa = PBXResourcesBuildPhase;
			buildActionMask = 2147483647;
			files = (
				4D403B9727981BC400EB4E1B /* Preview Assets.xcassets in Resources */,
				4D403B9427981BC400EB4E1B /* Assets.xcassets in Resources */,
				4D403BAA279821D500EB4E1B /* GoogleService-Info.plist in Resources */,
			);
			runOnlyForDeploymentPostprocessing = 0;
		};
/* End PBXResourcesBuildPhase section */

/* Begin PBXShellScriptBuildPhase section */
		025ED7AFA93F4C2C649F44D7 /* Compile Kotlin */ = {
			isa = PBXShellScriptBuildPhase;
			buildActionMask = 2147483647;
			files = (
			);
			inputFileListPaths = (
			);
			inputPaths = (
			);
			name = "Compile Kotlin";
			outputFileListPaths = (
			);
			outputPaths = (
			);
			runOnlyForDeploymentPostprocessing = 0;
			shellPath = /bin/sh;
			shellScript = "bash .gryphon/scripts/compileKotlin.sh";
		};
		38D67A6BA9DA742ECE94B349 /* Call Gryphon */ = {
			isa = PBXShellScriptBuildPhase;
			buildActionMask = 2147483647;
			files = (
			);
			inputFileListPaths = (
			);
			inputPaths = (
			);
			name = "Call Gryphon";
			outputFileListPaths = (
			);
			outputPaths = (
			);
			runOnlyForDeploymentPostprocessing = 0;
			shellPath = /bin/sh;
			shellScript = "gryphon \"${PROJECT_NAME}.xcodeproj\" \"${SRCROOT}/gryphonInputFiles.xcfilelist\" --verbose --continue-on-error local.config";
		};
/* End PBXShellScriptBuildPhase section */

/* Begin PBXSourcesBuildPhase section */
		4D403B8827981BC200EB4E1B /* Sources */ = {
			isa = PBXSourcesBuildPhase;
			buildActionMask = 2147483647;
			files = (
				4DC3EBC927ABD02C00FFC50E /* NewPropertySheetView.swift in Sources */,
				4DF7D9D327A40AD9001DB949 /* CustomTabBarView.swift in Sources */,
				4DAD4FBA279EF09900C0EAE8 /* StyledTextField.swift in Sources */,
				4DCCD6DE27BAC17D00F387B2 /* EnumScrollCases.swift in Sources */,
				4DCCD6D527BABA2300F387B2 /* CustomLabel.swift in Sources */,
				4D403B9E27981D3500EB4E1B /* GryphonSwiftLibrary.swift in Sources */,
				4DAD4FB8279EEE5400C0EAE8 /* MapView.swift in Sources */,
				4D92C41E27BE46E60084D214 /* StyledText.swift in Sources */,
				4D403B9227981BC200EB4E1B /* ContentView.swift in Sources */,
				4DF0C4B527A05DEA00315A73 /* PropertyModel.swift in Sources */,
				4DD29F0C27BD17570065AC2A /* InfoDishRow.swift in Sources */,
				4DAD4F94279EA7A800C0EAE8 /* PropertyVM.swift in Sources */,
				4DAD4FBD279EF44100C0EAE8 /* StyledButton.swift in Sources */,
				4DD6308827C690D200A16E17 /* InfoIngrediente_NuovoIngredienteSubView.swift in Sources */,
				4D403BAD2798790800EB4E1B /* AuthPasswordLess.swift in Sources */,
				4DCCD6D127BAB4A400F387B2 /* SelectionPropertyDish_NewDishSubView.swift in Sources */,
				4D403BA027981EA700EB4E1B /* KotlinJunction.swift in Sources */,
				4DCCD6CF27BAB3DB00F387B2 /* InfoGenerali_NewDishSubView.swift in Sources */,
				4D1BC7402799A746000B463C /* LinkSignInSheetView.swift in Sources */,
				4DF0C4B327A04D7000315A73 /* DishModel.swift in Sources */,
				4DF0C4AD27A009B800315A73 /* DishListView.swift in Sources */,
				4DA4616027AD8A2000BD648D /* EditDishView.swift in Sources */,
				4DF0C4AF27A009C400315A73 /* NewDishView.swift in Sources */,
				4D1BC747279C1FED000B463C /* PrincipalTabView.swift in Sources */,
				4D403B9027981BC200EB4E1B /* DishRevueBackIOSApp.swift in Sources */,
				4DCCD6D327BAB54300F387B2 /* DishSpecific_NewDishSubView.swift in Sources */,
				4DD6308227C68B3000A16E17 /* ListaIngredientiView.swift in Sources */,
				4D1BC7442799AB29000B463C /* AlertModel.swift in Sources */,
				4DA4615D27AD3FE900BD648D /* DishVM.swift in Sources */,
				4DF0C4AB27A009A800315A73 /* HomeViewBASEVERSION.swift in Sources */,
				4D1BC749279C5C43000B463C /* LogoAppBackEndView.swift in Sources */,
				4DAD4F96279EAC7E00C0EAE8 /* AddNewPropertySheetView.swift in Sources */,
				4DA4615B27AD14D200BD648D /* HomeView.swift in Sources */,
				4D28C85E27C53F12009ECC4C /* SelectionPropertyIngrediente_NewDishSubView.swift in Sources */,
				4DD6308527C68E7400A16E17 /* NuovoIngredienteView.swift in Sources */,
				4DCCD6D927BAC01E00F387B2 /* GridInfoDishValue_NewDishSubView.swift in Sources */,
				4DF7D9D527A4429F001DB949 /* VariousTabStyle.swift in Sources */,
			);
			runOnlyForDeploymentPostprocessing = 0;
		};
/* End PBXSourcesBuildPhase section */

/* Begin XCBuildConfiguration section */
		4D403B9827981BC400EB4E1B /* Debug */ = {
			isa = XCBuildConfiguration;
			buildSettings = {
				ALWAYS_SEARCH_USER_PATHS = NO;
				CLANG_ANALYZER_NONNULL = YES;
				CLANG_ANALYZER_NUMBER_OBJECT_CONVERSION = YES_AGGRESSIVE;
				CLANG_CXX_LANGUAGE_STANDARD = "gnu++17";
				CLANG_CXX_LIBRARY = "libc++";
				CLANG_ENABLE_MODULES = YES;
				CLANG_ENABLE_OBJC_ARC = YES;
				CLANG_ENABLE_OBJC_WEAK = YES;
				CLANG_WARN_BLOCK_CAPTURE_AUTORELEASING = YES;
				CLANG_WARN_BOOL_CONVERSION = YES;
				CLANG_WARN_COMMA = YES;
				CLANG_WARN_CONSTANT_CONVERSION = YES;
				CLANG_WARN_DEPRECATED_OBJC_IMPLEMENTATIONS = YES;
				CLANG_WARN_DIRECT_OBJC_ISA_USAGE = YES_ERROR;
				CLANG_WARN_DOCUMENTATION_COMMENTS = YES;
				CLANG_WARN_EMPTY_BODY = YES;
				CLANG_WARN_ENUM_CONVERSION = YES;
				CLANG_WARN_INFINITE_RECURSION = YES;
				CLANG_WARN_INT_CONVERSION = YES;
				CLANG_WARN_NON_LITERAL_NULL_CONVERSION = YES;
				CLANG_WARN_OBJC_IMPLICIT_RETAIN_SELF = YES;
				CLANG_WARN_OBJC_LITERAL_CONVERSION = YES;
				CLANG_WARN_OBJC_ROOT_CLASS = YES_ERROR;
				CLANG_WARN_QUOTED_INCLUDE_IN_FRAMEWORK_HEADER = YES;
				CLANG_WARN_RANGE_LOOP_ANALYSIS = YES;
				CLANG_WARN_STRICT_PROTOTYPES = YES;
				CLANG_WARN_SUSPICIOUS_MOVE = YES;
				CLANG_WARN_UNGUARDED_AVAILABILITY = YES_AGGRESSIVE;
				CLANG_WARN_UNREACHABLE_CODE = YES;
				CLANG_WARN__DUPLICATE_METHOD_MATCH = YES;
				COPY_PHASE_STRIP = NO;
				DEBUG_INFORMATION_FORMAT = dwarf;
				ENABLE_STRICT_OBJC_MSGSEND = YES;
				ENABLE_TESTABILITY = YES;
				GCC_C_LANGUAGE_STANDARD = gnu11;
				GCC_DYNAMIC_NO_PIC = NO;
				GCC_NO_COMMON_BLOCKS = YES;
				GCC_OPTIMIZATION_LEVEL = 0;
				GCC_PREPROCESSOR_DEFINITIONS = (
					"DEBUG=1",
					"$(inherited)",
				);
				GCC_WARN_64_TO_32_BIT_CONVERSION = YES;
				GCC_WARN_ABOUT_RETURN_TYPE = YES_ERROR;
				GCC_WARN_UNDECLARED_SELECTOR = YES;
				GCC_WARN_UNINITIALIZED_AUTOS = YES_AGGRESSIVE;
				GCC_WARN_UNUSED_FUNCTION = YES;
				GCC_WARN_UNUSED_VARIABLE = YES;
				IPHONEOS_DEPLOYMENT_TARGET = 15.2;
				MTL_ENABLE_DEBUG_INFO = INCLUDE_SOURCE;
				MTL_FAST_MATH = YES;
				ONLY_ACTIVE_ARCH = YES;
				SDKROOT = iphoneos;
				SWIFT_ACTIVE_COMPILATION_CONDITIONS = DEBUG;
				SWIFT_OPTIMIZATION_LEVEL = "-Onone";
			};
			name = Debug;
		};
		4D403B9927981BC400EB4E1B /* Release */ = {
			isa = XCBuildConfiguration;
			buildSettings = {
				ALWAYS_SEARCH_USER_PATHS = NO;
				CLANG_ANALYZER_NONNULL = YES;
				CLANG_ANALYZER_NUMBER_OBJECT_CONVERSION = YES_AGGRESSIVE;
				CLANG_CXX_LANGUAGE_STANDARD = "gnu++17";
				CLANG_CXX_LIBRARY = "libc++";
				CLANG_ENABLE_MODULES = YES;
				CLANG_ENABLE_OBJC_ARC = YES;
				CLANG_ENABLE_OBJC_WEAK = YES;
				CLANG_WARN_BLOCK_CAPTURE_AUTORELEASING = YES;
				CLANG_WARN_BOOL_CONVERSION = YES;
				CLANG_WARN_COMMA = YES;
				CLANG_WARN_CONSTANT_CONVERSION = YES;
				CLANG_WARN_DEPRECATED_OBJC_IMPLEMENTATIONS = YES;
				CLANG_WARN_DIRECT_OBJC_ISA_USAGE = YES_ERROR;
				CLANG_WARN_DOCUMENTATION_COMMENTS = YES;
				CLANG_WARN_EMPTY_BODY = YES;
				CLANG_WARN_ENUM_CONVERSION = YES;
				CLANG_WARN_INFINITE_RECURSION = YES;
				CLANG_WARN_INT_CONVERSION = YES;
				CLANG_WARN_NON_LITERAL_NULL_CONVERSION = YES;
				CLANG_WARN_OBJC_IMPLICIT_RETAIN_SELF = YES;
				CLANG_WARN_OBJC_LITERAL_CONVERSION = YES;
				CLANG_WARN_OBJC_ROOT_CLASS = YES_ERROR;
				CLANG_WARN_QUOTED_INCLUDE_IN_FRAMEWORK_HEADER = YES;
				CLANG_WARN_RANGE_LOOP_ANALYSIS = YES;
				CLANG_WARN_STRICT_PROTOTYPES = YES;
				CLANG_WARN_SUSPICIOUS_MOVE = YES;
				CLANG_WARN_UNGUARDED_AVAILABILITY = YES_AGGRESSIVE;
				CLANG_WARN_UNREACHABLE_CODE = YES;
				CLANG_WARN__DUPLICATE_METHOD_MATCH = YES;
				COPY_PHASE_STRIP = NO;
				DEBUG_INFORMATION_FORMAT = "dwarf-with-dsym";
				ENABLE_NS_ASSERTIONS = NO;
				ENABLE_STRICT_OBJC_MSGSEND = YES;
				GCC_C_LANGUAGE_STANDARD = gnu11;
				GCC_NO_COMMON_BLOCKS = YES;
				GCC_WARN_64_TO_32_BIT_CONVERSION = YES;
				GCC_WARN_ABOUT_RETURN_TYPE = YES_ERROR;
				GCC_WARN_UNDECLARED_SELECTOR = YES;
				GCC_WARN_UNINITIALIZED_AUTOS = YES_AGGRESSIVE;
				GCC_WARN_UNUSED_FUNCTION = YES;
				GCC_WARN_UNUSED_VARIABLE = YES;
				IPHONEOS_DEPLOYMENT_TARGET = 15.2;
				MTL_ENABLE_DEBUG_INFO = NO;
				MTL_FAST_MATH = YES;
				SDKROOT = iphoneos;
				SWIFT_COMPILATION_MODE = wholemodule;
				SWIFT_OPTIMIZATION_LEVEL = "-O";
				VALIDATE_PRODUCT = YES;
			};
			name = Release;
		};
		4D403B9B27981BC400EB4E1B /* Debug */ = {
			isa = XCBuildConfiguration;
			buildSettings = {
				ASSETCATALOG_COMPILER_APPICON_NAME = AppIcon;
				ASSETCATALOG_COMPILER_GLOBAL_ACCENT_COLOR_NAME = AccentColor;
				CODE_SIGN_ENTITLEMENTS = DishRevueBackIOS/DishRevueBackIOS.entitlements;
				CODE_SIGN_STYLE = Automatic;
				CURRENT_PROJECT_VERSION = 15;
				DEVELOPMENT_ASSET_PATHS = "\"DishRevueBackIOS/Preview Content\"";
				DEVELOPMENT_TEAM = 2HR732K89Z;
				ENABLE_PREVIEWS = YES;
				GENERATE_INFOPLIST_FILE = YES;
				INFOPLIST_KEY_UIApplicationSceneManifest_Generation = YES;
				INFOPLIST_KEY_UIApplicationSupportsIndirectInputEvents = YES;
				INFOPLIST_KEY_UILaunchScreen_Generation = YES;
				INFOPLIST_KEY_UISupportedInterfaceOrientations_iPad = "UIInterfaceOrientationPortrait UIInterfaceOrientationPortraitUpsideDown UIInterfaceOrientationLandscapeLeft UIInterfaceOrientationLandscapeRight";
				INFOPLIST_KEY_UISupportedInterfaceOrientations_iPhone = "UIInterfaceOrientationPortrait UIInterfaceOrientationLandscapeLeft UIInterfaceOrientationLandscapeRight";
				LD_RUNPATH_SEARCH_PATHS = (
					"$(inherited)",
					"@executable_path/Frameworks",
				);
				MARKETING_VERSION = 1.0;
				PRODUCT_BUNDLE_IDENTIFIER = "calogero-friscia.DishRevueBackIOS";
				PRODUCT_NAME = "$(TARGET_NAME)";
				SWIFT_EMIT_LOC_STRINGS = YES;
				SWIFT_VERSION = 5.0;
				TARGETED_DEVICE_FAMILY = "1,2";
			};
			name = Debug;
		};
		4D403B9C27981BC400EB4E1B /* Release */ = {
			isa = XCBuildConfiguration;
			buildSettings = {
				ASSETCATALOG_COMPILER_APPICON_NAME = AppIcon;
				ASSETCATALOG_COMPILER_GLOBAL_ACCENT_COLOR_NAME = AccentColor;
				CODE_SIGN_ENTITLEMENTS = DishRevueBackIOS/DishRevueBackIOS.entitlements;
				CODE_SIGN_STYLE = Automatic;
				CURRENT_PROJECT_VERSION = 15;
				DEVELOPMENT_ASSET_PATHS = "\"DishRevueBackIOS/Preview Content\"";
				DEVELOPMENT_TEAM = 2HR732K89Z;
				ENABLE_PREVIEWS = YES;
				GENERATE_INFOPLIST_FILE = YES;
				INFOPLIST_KEY_UIApplicationSceneManifest_Generation = YES;
				INFOPLIST_KEY_UIApplicationSupportsIndirectInputEvents = YES;
				INFOPLIST_KEY_UILaunchScreen_Generation = YES;
				INFOPLIST_KEY_UISupportedInterfaceOrientations_iPad = "UIInterfaceOrientationPortrait UIInterfaceOrientationPortraitUpsideDown UIInterfaceOrientationLandscapeLeft UIInterfaceOrientationLandscapeRight";
				INFOPLIST_KEY_UISupportedInterfaceOrientations_iPhone = "UIInterfaceOrientationPortrait UIInterfaceOrientationLandscapeLeft UIInterfaceOrientationLandscapeRight";
				LD_RUNPATH_SEARCH_PATHS = (
					"$(inherited)",
					"@executable_path/Frameworks",
				);
				MARKETING_VERSION = 1.0;
				PRODUCT_BUNDLE_IDENTIFIER = "calogero-friscia.DishRevueBackIOS";
				PRODUCT_NAME = "$(TARGET_NAME)";
				SWIFT_EMIT_LOC_STRINGS = YES;
				SWIFT_VERSION = 5.0;
				TARGETED_DEVICE_FAMILY = "1,2";
			};
			name = Release;
		};
		7F438F806815C97894BE5D4C /* Debug */ = {
			isa = XCBuildConfiguration;
			buildSettings = {
				ASSETCATALOG_COMPILER_APPICON_NAME = AppIcon;
				ASSETCATALOG_COMPILER_GLOBAL_ACCENT_COLOR_NAME = AccentColor;
				PRODUCT_NAME = Gryphon;
				SUPPORTED_PLATFORMS = macosx;
				SUPPORTS_MACCATALYST = FALSE;
			};
			name = Debug;
		};
		89BEA3B030164C3D506CF04E /* Release */ = {
			isa = XCBuildConfiguration;
			buildSettings = {
				ASSETCATALOG_COMPILER_APPICON_NAME = AppIcon;
				ASSETCATALOG_COMPILER_GLOBAL_ACCENT_COLOR_NAME = AccentColor;
				PRODUCT_NAME = Gryphon;
				SUPPORTED_PLATFORMS = macosx;
				SUPPORTS_MACCATALYST = FALSE;
			};
			name = Release;
		};
		A7B7671A5C89B4BF8DA28314 /* Debug */ = {
			isa = XCBuildConfiguration;
			buildSettings = {
				ASSETCATALOG_COMPILER_APPICON_NAME = AppIcon;
				ASSETCATALOG_COMPILER_GLOBAL_ACCENT_COLOR_NAME = AccentColor;
				CONFIG_FILES = local.config;
				PRODUCT_NAME = Kotlin;
				SUPPORTED_PLATFORMS = macosx;
				SUPPORTS_MACCATALYST = FALSE;
			};
			name = Debug;
		};
		C0C660B3B5EE40EFE2706EED /* Release */ = {
			isa = XCBuildConfiguration;
			buildSettings = {
				ASSETCATALOG_COMPILER_APPICON_NAME = AppIcon;
				ASSETCATALOG_COMPILER_GLOBAL_ACCENT_COLOR_NAME = AccentColor;
				CONFIG_FILES = local.config;
				PRODUCT_NAME = Kotlin;
				SUPPORTED_PLATFORMS = macosx;
				SUPPORTS_MACCATALYST = FALSE;
			};
			name = Release;
		};
/* End XCBuildConfiguration section */

/* Begin XCConfigurationList section */
		22159DFFB31F5C08225AACB2 /* Build configuration list for PBXAggregateTarget "Kotlin" */ = {
			isa = XCConfigurationList;
			buildConfigurations = (
				C0C660B3B5EE40EFE2706EED /* Release */,
				A7B7671A5C89B4BF8DA28314 /* Debug */,
			);
			defaultConfigurationIsVisible = 0;
			defaultConfigurationName = Release;
		};
		4D403B8727981BC200EB4E1B /* Build configuration list for PBXProject "DishRevueBackIOS" */ = {
			isa = XCConfigurationList;
			buildConfigurations = (
				4D403B9827981BC400EB4E1B /* Debug */,
				4D403B9927981BC400EB4E1B /* Release */,
			);
			defaultConfigurationIsVisible = 0;
			defaultConfigurationName = Release;
		};
		4D403B9A27981BC400EB4E1B /* Build configuration list for PBXNativeTarget "DishRevueBackIOS" */ = {
			isa = XCConfigurationList;
			buildConfigurations = (
				4D403B9B27981BC400EB4E1B /* Debug */,
				4D403B9C27981BC400EB4E1B /* Release */,
			);
			defaultConfigurationIsVisible = 0;
			defaultConfigurationName = Release;
		};
		F5CBE82E7C308F1DCE52E9B6 /* Build configuration list for PBXAggregateTarget "Gryphon" */ = {
			isa = XCConfigurationList;
			buildConfigurations = (
				89BEA3B030164C3D506CF04E /* Release */,
				7F438F806815C97894BE5D4C /* Debug */,
			);
			defaultConfigurationIsVisible = 0;
			defaultConfigurationName = Release;
		};
/* End XCConfigurationList section */

/* Begin XCRemoteSwiftPackageReference section */
		4D403BA22798212600EB4E1B /* XCRemoteSwiftPackageReference "firebase-ios-sdk" */ = {
			isa = XCRemoteSwiftPackageReference;
			repositoryURL = "https://github.com/firebase/firebase-ios-sdk";
			requirement = {
				kind = upToNextMajorVersion;
				minimumVersion = 8.0.0;
			};
		};
/* End XCRemoteSwiftPackageReference section */

/* Begin XCSwiftPackageProductDependency section */
		4D403BA32798212600EB4E1B /* FirebaseAuth */ = {
			isa = XCSwiftPackageProductDependency;
			package = 4D403BA22798212600EB4E1B /* XCRemoteSwiftPackageReference "firebase-ios-sdk" */;
			productName = FirebaseAuth;
		};
		4D403BA52798212600EB4E1B /* FirebaseDynamicLinks */ = {
			isa = XCSwiftPackageProductDependency;
			package = 4D403BA22798212600EB4E1B /* XCRemoteSwiftPackageReference "firebase-ios-sdk" */;
			productName = FirebaseDynamicLinks;
		};
		4D403BA72798212600EB4E1B /* FirebaseFirestore */ = {
			isa = XCSwiftPackageProductDependency;
			package = 4D403BA22798212600EB4E1B /* XCRemoteSwiftPackageReference "firebase-ios-sdk" */;
			productName = FirebaseFirestore;
		};
/* End XCSwiftPackageProductDependency section */
	};
	rootObject = 4D403B8427981BC200EB4E1B /* Project object */;
}
